
Microsoft Visual Studio Solution File, Format Version 12.00
# Visual Studio Version 16
VisualStudioVersion = 16.0.31229.75
MinimumVisualStudioVersion = 10.0.40219.1
Project("{2150E333-8FDC-42A3-9474-1A3956D46DE8}") = "1 - Presentation", "1 - Presentation", "{271E9753-29C7-4F36-9DA4-0049E6E70B9A}"
EndProject
Project("{2150E333-8FDC-42A3-9474-1A3956D46DE8}") = "2 - Application", "2 - Application", "{E6129A02-C129-4DCE-8B82-33FAEC0C1D61}"
EndProject
Project("{2150E333-8FDC-42A3-9474-1A3956D46DE8}") = "3 - Domain", "3 - Domain", "{82343EAC-F148-4EE4-B75C-12CC4C7D03E0}"
EndProject
Project("{2150E333-8FDC-42A3-9474-1A3956D46DE8}") = "4 - Data", "4 - Data", "{4961362D-E130-4192-8EAA-17CBC94FE118}"
EndProject
Project("{2150E333-8FDC-42A3-9474-1A3956D46DE8}") = "5 - Infra", "5 - Infra", "{474BAB06-5E46-417A-890D-DC8BC7B7306A}"
EndProject
Project("{2150E333-8FDC-42A3-9474-1A3956D46DE8}") = "6 - Common", "6 - Common", "{6BD62ED5-6526-450F-A621-796DDEECA08D}"
EndProject
Project("{FAE04EC0-301F-11D3-BF4B-00C04F79EFBC}") = "MarketPlace.Domain", "MarketPlaceDomain\MarketPlace.Domain.csproj", "{3499DC10-C788-4643-B8AC-19CE725EBDB0}"
EndProject
Project("{FAE04EC0-301F-11D3-BF4B-00C04F79EFBC}") = "Marketplace.Data", "Marketplace.Data\Marketplace.Data.csproj", "{AE7D36AF-3B8E-41E6-AC49-883140EF5165}"
EndProject
Project("{FAE04EC0-301F-11D3-BF4B-00C04F79EFBC}") = "MarketPlace.Application", "MarketPlace.Application\MarketPlace.Application.csproj", "{83B0EE2A-61A6-469C-A4EE-6C7052702AEE}"
EndProject
Project("{FAE04EC0-301F-11D3-BF4B-00C04F79EFBC}") = "Marketplace.Presentation", "Marketplace.Presentation\Marketplace.Presentation.csproj", "{CBE08960-0CBD-46CC-B126-649E47FB54C2}"
EndProject
Project("{FAE04EC0-301F-11D3-BF4B-00C04F79EFBC}") = "Marketplace.Infra", "Marketplace.Infra\Marketplace.Infra.csproj", "{2F752601-F849-435A-911B-1D7904F39CCF}"
EndProject
Project("{FAE04EC0-301F-11D3-BF4B-00C04F79EFBC}") = "Marketplace.Common", "Marketplace.Common\Marketplace.Common.csproj", "{FAA59CAD-8785-4D14-B1AC-ECEF33BD217A}"
EndProject
Global
	GlobalSection(SolutionConfigurationPlatforms) = preSolution
		Debug|Any CPU = Debug|Any CPU
		Release|Any CPU = Release|Any CPU
	EndGlobalSection
	GlobalSection(ProjectConfigurationPlatforms) = postSolution
		{3499DC10-C788-4643-B8AC-19CE725EBDB0}.Debug|Any CPU.ActiveCfg = Debug|Any CPU
		{3499DC10-C788-4643-B8AC-19CE725EBDB0}.Debug|Any CPU.Build.0 = Debug|Any CPU
		{3499DC10-C788-4643-B8AC-19CE725EBDB0}.Release|Any CPU.ActiveCfg = Release|Any CPU
		{3499DC10-C788-4643-B8AC-19CE725EBDB0}.Release|Any CPU.Build.0 = Release|Any CPU
		{AE7D36AF-3B8E-41E6-AC49-883140EF5165}.Debug|Any CPU.ActiveCfg = Debug|Any CPU
		{AE7D36AF-3B8E-41E6-AC49-883140EF5165}.Debug|Any CPU.Build.0 = Debug|Any CPU
		{AE7D36AF-3B8E-41E6-AC49-883140EF5165}.Release|Any CPU.ActiveCfg = Release|Any CPU
		{AE7D36AF-3B8E-41E6-AC49-883140EF5165}.Release|Any CPU.Build.0 = Release|Any CPU
		{83B0EE2A-61A6-469C-A4EE-6C7052702AEE}.Debug|Any CPU.ActiveCfg = Debug|Any CPU
		{83B0EE2A-61A6-469C-A4EE-6C7052702AEE}.Debug|Any CPU.Build.0 = Debug|Any CPU
		{83B0EE2A-61A6-469C-A4EE-6C7052702AEE}.Release|Any CPU.ActiveCfg = Release|Any CPU
		{83B0EE2A-61A6-469C-A4EE-6C7052702AEE}.Release|Any CPU.Build.0 = Release|Any CPU
		{CBE08960-0CBD-46CC-B126-649E47FB54C2}.Debug|Any CPU.ActiveCfg = Debug|Any CPU
		{CBE08960-0CBD-46CC-B126-649E47FB54C2}.Debug|Any CPU.Build.0 = Debug|Any CPU
		{CBE08960-0CBD-46CC-B126-649E47FB54C2}.Release|Any CPU.ActiveCfg = Release|Any CPU
		{CBE08960-0CBD-46CC-B126-649E47FB54C2}.Release|Any CPU.Build.0 = Release|Any CPU
		{2F752601-F849-435A-911B-1D7904F39CCF}.Debug|Any CPU.ActiveCfg = Debug|Any CPU
		{2F752601-F849-435A-911B-1D7904F39CCF}.Debug|Any CPU.Build.0 = Debug|Any CPU
		{2F752601-F849-435A-911B-1D7904F39CCF}.Release|Any CPU.ActiveCfg = Release|Any CPU
		{2F752601-F849-435A-911B-1D7904F39CCF}.Release|Any CPU.Build.0 = Release|Any CPU
		{FAA59CAD-8785-4D14-B1AC-ECEF33BD217A}.Debug|Any CPU.ActiveCfg = Debug|Any CPU
		{FAA59CAD-8785-4D14-B1AC-ECEF33BD217A}.Debug|Any CPU.Build.0 = Debug|Any CPU
		{FAA59CAD-8785-4D14-B1AC-ECEF33BD217A}.Release|Any CPU.ActiveCfg = Release|Any CPU
		{FAA59CAD-8785-4D14-B1AC-ECEF33BD217A}.Release|Any CPU.Build.0 = Release|Any CPU
	EndGlobalSection
	GlobalSection(SolutionProperties) = preSolution
		HideSolutionNode = FALSE
	EndGlobalSection
	GlobalSection(NestedProjects) = preSolution
		{3499DC10-C788-4643-B8AC-19CE725EBDB0} = {82343EAC-F148-4EE4-B75C-12CC4C7D03E0}
		{AE7D36AF-3B8E-41E6-AC49-883140EF5165} = {4961362D-E130-4192-8EAA-17CBC94FE118}
		{83B0EE2A-61A6-469C-A4EE-6C7052702AEE} = {E6129A02-C129-4DCE-8B82-33FAEC0C1D61}
		{CBE08960-0CBD-46CC-B126-649E47FB54C2} = {271E9753-29C7-4F36-9DA4-0049E6E70B9A}
		{2F752601-F849-435A-911B-1D7904F39CCF} = {474BAB06-5E46-417A-890D-DC8BC7B7306A}
		{FAA59CAD-8785-4D14-B1AC-ECEF33BD217A} = {6BD62ED5-6526-450F-A621-796DDEECA08D}
	EndGlobalSection
	GlobalSection(ExtensibilityGlobals) = postSolution
		SolutionGuid = {51551FFA-F130-4211-8950-41DBB11D98F0}
	EndGlobalSection
EndGlobal
