
Microsoft Visual Studio Solution File, Format Version 12.00
# Visual Studio Version 16
VisualStudioVersion = 16.0.31229.75
MinimumVisualStudioVersion = 10.0.40219.1
Project("{2150E333-8FDC-42A3-9474-1A3956D46DE8}") = "1 - Presentation", "1 - Presentation", "{271E9753-29C7-4F36-9DA4-0049E6E70B9A}"
EndProject
Project("{2150E333-8FDC-42A3-9474-1A3956D46DE8}") = "2 - Services", "2 - Services", "{E6129A02-C129-4DCE-8B82-33FAEC0C1D61}"
EndProject
Project("{2150E333-8FDC-42A3-9474-1A3956D46DE8}") = "3 - Domain", "3 - Domain", "{82343EAC-F148-4EE4-B75C-12CC4C7D03E0}"
EndProject
Project("{2150E333-8FDC-42A3-9474-1A3956D46DE8}") = "4 - Data", "4 - Data", "{4961362D-E130-4192-8EAA-17CBC94FE118}"
EndProject
Project("{2150E333-8FDC-42A3-9474-1A3956D46DE8}") = "5 - Infra", "5 - Infra", "{474BAB06-5E46-417A-890D-DC8BC7B7306A}"
EndProject
Project("{2150E333-8FDC-42A3-9474-1A3956D46DE8}") = "6 - Common", "6 - Common", "{6BD62ED5-6526-450F-A621-796DDEECA08D}"
EndProject
Project("{2150E333-8FDC-42A3-9474-1A3956D46DE8}") = "Services", "Services", "{109F929C-532B-4505-9F69-4273E9E8CDC0}"
EndProject
Project("{2150E333-8FDC-42A3-9474-1A3956D46DE8}") = "Entitys", "Entitys", "{B3076E1C-A287-4953-A858-F6135401A445}"
EndProject
Project("{2150E333-8FDC-42A3-9474-1A3956D46DE8}") = "Interfaces", "Interfaces", "{8D3B81AF-1890-4D49-B4AF-3E84C724A6BA}"
EndProject
Project("{2150E333-8FDC-42A3-9474-1A3956D46DE8}") = "Repository", "Repository", "{53E18EC8-A081-43D1-8916-C1BE3949646B}"
EndProject
Project("{2150E333-8FDC-42A3-9474-1A3956D46DE8}") = "Context", "Context", "{168ACEF3-CBFA-4C6D-A992-74E5400FC4F0}"
EndProject
Project("{2150E333-8FDC-42A3-9474-1A3956D46DE8}") = "Mappings", "Mappings", "{A324D398-2E0D-4FE5-9EB6-EB6CA2BD9C0E}"
EndProject
Global
	GlobalSection(SolutionProperties) = preSolution
		HideSolutionNode = FALSE
	EndGlobalSection
	GlobalSection(NestedProjects) = preSolution
		{109F929C-532B-4505-9F69-4273E9E8CDC0} = {82343EAC-F148-4EE4-B75C-12CC4C7D03E0}
		{B3076E1C-A287-4953-A858-F6135401A445} = {82343EAC-F148-4EE4-B75C-12CC4C7D03E0}
		{8D3B81AF-1890-4D49-B4AF-3E84C724A6BA} = {82343EAC-F148-4EE4-B75C-12CC4C7D03E0}
		{53E18EC8-A081-43D1-8916-C1BE3949646B} = {4961362D-E130-4192-8EAA-17CBC94FE118}
		{168ACEF3-CBFA-4C6D-A992-74E5400FC4F0} = {4961362D-E130-4192-8EAA-17CBC94FE118}
		{A324D398-2E0D-4FE5-9EB6-EB6CA2BD9C0E} = {4961362D-E130-4192-8EAA-17CBC94FE118}
	EndGlobalSection
	GlobalSection(ExtensibilityGlobals) = postSolution
		SolutionGuid = {51551FFA-F130-4211-8950-41DBB11D98F0}
	EndGlobalSection
EndGlobal
